
Microsoft Visual Studio Solution File, Format Version 12.00
Project("{FAE04EC0-301F-11D3-BF4B-00C04F79EFBC}") = "GodotExportValidator", "GodotExportValidator\GodotExportValidator.csproj", "{A2DB2A42-0A48-428D-9C5D-FE644D0EC191}"
EndProject
Project("{FAE04EC0-301F-11D3-BF4B-00C04F79EFBC}") = "GodotExportValidator.Tests", "GodotExportValidator.Tests\GodotExportValidator.Tests.csproj", "{E91ACA41-9974-47BC-94E6-24564CE78FD9}"
EndProject
Global
	GlobalSection(SolutionConfigurationPlatforms) = preSolution
		Debug|Any CPU = Debug|Any CPU
		Release|Any CPU = Release|Any CPU
	EndGlobalSection
	GlobalSection(ProjectConfigurationPlatforms) = postSolution
		{A2DB2A42-0A48-428D-9C5D-FE644D0EC191}.Debug|Any CPU.ActiveCfg = Debug|Any CPU
		{A2DB2A42-0A48-428D-9C5D-FE644D0EC191}.Debug|Any CPU.Build.0 = Debug|Any CPU
		{A2DB2A42-0A48-428D-9C5D-FE644D0EC191}.Release|Any CPU.ActiveCfg = Release|Any CPU
		{A2DB2A42-0A48-428D-9C5D-FE644D0EC191}.Release|Any CPU.Build.0 = Release|Any CPU
		{E91ACA41-9974-47BC-94E6-24564CE78FD9}.Debug|Any CPU.ActiveCfg = Debug|Any CPU
		{E91ACA41-9974-47BC-94E6-24564CE78FD9}.Debug|Any CPU.Build.0 = Debug|Any CPU
		{E91ACA41-9974-47BC-94E6-24564CE78FD9}.Release|Any CPU.ActiveCfg = Release|Any CPU
		{E91ACA41-9974-47BC-94E6-24564CE78FD9}.Release|Any CPU.Build.0 = Release|Any CPU
	EndGlobalSection
EndGlobal
